
Microsoft Visual Studio Solution File, Format Version 12.00
# Visual Studio Version 16
VisualStudioVersion = 16.0.30907.101
MinimumVisualStudioVersion = 10.0.40219.1
Project("{FAE04EC0-301F-11D3-BF4B-00C04F79EFBC}") = "serie de fibbonacci", "serie de fibbonacci.csproj", "{53E460D8-920E-4858-A989-58D18F649CCD}"
EndProject
Global
	GlobalSection(SolutionConfigurationPlatforms) = preSolution
		Debug|Any CPU = Debug|Any CPU
		Release|Any CPU = Release|Any CPU
	EndGlobalSection
	GlobalSection(ProjectConfigurationPlatforms) = postSolution
		{53E460D8-920E-4858-A989-58D18F649CCD}.Debug|Any CPU.ActiveCfg = Debug|Any CPU
		{53E460D8-920E-4858-A989-58D18F649CCD}.Debug|Any CPU.Build.0 = Debug|Any CPU
		{53E460D8-920E-4858-A989-58D18F649CCD}.Release|Any CPU.ActiveCfg = Release|Any CPU
		{53E460D8-920E-4858-A989-58D18F649CCD}.Release|Any CPU.Build.0 = Release|Any CPU
	EndGlobalSection
	GlobalSection(SolutionProperties) = preSolution
		HideSolutionNode = FALSE
	EndGlobalSection
	GlobalSection(ExtensibilityGlobals) = postSolution
		SolutionGuid = {8081A491-1442-4916-A5DE-ADBF1B9BD0CA}
	EndGlobalSection
EndGlobal
