
Microsoft Visual Studio Solution File, Format Version 12.00
# Visual Studio Version 16
VisualStudioVersion = 16.0.30907.101
MinimumVisualStudioVersion = 10.0.40219.1
Project("{FAE04EC0-301F-11D3-BF4B-00C04F79EFBC}") = "numero elevados a potencias", "numero elevados a potencias.csproj", "{46E66F7A-DED4-47E6-B853-6D2BE2669830}"
EndProject
Global
	GlobalSection(SolutionConfigurationPlatforms) = preSolution
		Debug|Any CPU = Debug|Any CPU
		Release|Any CPU = Release|Any CPU
	EndGlobalSection
	GlobalSection(ProjectConfigurationPlatforms) = postSolution
		{46E66F7A-DED4-47E6-B853-6D2BE2669830}.Debug|Any CPU.ActiveCfg = Debug|Any CPU
		{46E66F7A-DED4-47E6-B853-6D2BE2669830}.Debug|Any CPU.Build.0 = Debug|Any CPU
		{46E66F7A-DED4-47E6-B853-6D2BE2669830}.Release|Any CPU.ActiveCfg = Release|Any CPU
		{46E66F7A-DED4-47E6-B853-6D2BE2669830}.Release|Any CPU.Build.0 = Release|Any CPU
	EndGlobalSection
	GlobalSection(SolutionProperties) = preSolution
		HideSolutionNode = FALSE
	EndGlobalSection
	GlobalSection(ExtensibilityGlobals) = postSolution
		SolutionGuid = {43310973-F150-4506-8106-2108A7654C74}
	EndGlobalSection
EndGlobal
