
Microsoft Visual Studio Solution File, Format Version 12.00
# Visual Studio Version 16
VisualStudioVersion = 16.0.30907.101
MinimumVisualStudioVersion = 10.0.40219.1
Project("{FAE04EC0-301F-11D3-BF4B-00C04F79EFBC}") = "NUMEROS PARES", "NUMEROS PARES.csproj", "{F5131D6F-F511-4A73-9255-DAC8E5BAD3C0}"
EndProject
Global
	GlobalSection(SolutionConfigurationPlatforms) = preSolution
		Debug|Any CPU = Debug|Any CPU
		Release|Any CPU = Release|Any CPU
	EndGlobalSection
	GlobalSection(ProjectConfigurationPlatforms) = postSolution
		{F5131D6F-F511-4A73-9255-DAC8E5BAD3C0}.Debug|Any CPU.ActiveCfg = Debug|Any CPU
		{F5131D6F-F511-4A73-9255-DAC8E5BAD3C0}.Debug|Any CPU.Build.0 = Debug|Any CPU
		{F5131D6F-F511-4A73-9255-DAC8E5BAD3C0}.Release|Any CPU.ActiveCfg = Release|Any CPU
		{F5131D6F-F511-4A73-9255-DAC8E5BAD3C0}.Release|Any CPU.Build.0 = Release|Any CPU
	EndGlobalSection
	GlobalSection(SolutionProperties) = preSolution
		HideSolutionNode = FALSE
	EndGlobalSection
	GlobalSection(ExtensibilityGlobals) = postSolution
		SolutionGuid = {BC944DA1-7876-4081-AE4F-9C9F7138F0C4}
	EndGlobalSection
EndGlobal
