
Microsoft Visual Studio Solution File, Format Version 12.00
# Visual Studio Version 16
VisualStudioVersion = 16.0.30907.101
MinimumVisualStudioVersion = 10.0.40219.1
Project("{FAE04EC0-301F-11D3-BF4B-00C04F79EFBC}") = "PIDE EL NUMERO DEL DIA DE LA SEMANA", "PIDE EL NUMERO DEL DIA DE LA SEMANA.csproj", "{BB697747-2CD9-4832-AA8D-FFD25ED021CB}"
EndProject
Global
	GlobalSection(SolutionConfigurationPlatforms) = preSolution
		Debug|Any CPU = Debug|Any CPU
		Release|Any CPU = Release|Any CPU
	EndGlobalSection
	GlobalSection(ProjectConfigurationPlatforms) = postSolution
		{BB697747-2CD9-4832-AA8D-FFD25ED021CB}.Debug|Any CPU.ActiveCfg = Debug|Any CPU
		{BB697747-2CD9-4832-AA8D-FFD25ED021CB}.Debug|Any CPU.Build.0 = Debug|Any CPU
		{BB697747-2CD9-4832-AA8D-FFD25ED021CB}.Release|Any CPU.ActiveCfg = Release|Any CPU
		{BB697747-2CD9-4832-AA8D-FFD25ED021CB}.Release|Any CPU.Build.0 = Release|Any CPU
	EndGlobalSection
	GlobalSection(SolutionProperties) = preSolution
		HideSolutionNode = FALSE
	EndGlobalSection
	GlobalSection(ExtensibilityGlobals) = postSolution
		SolutionGuid = {FA69A389-8D8A-4440-AB3D-AC707CF1EE60}
	EndGlobalSection
EndGlobal
